
Microsoft Visual Studio Solution File, Format Version 12.00
# Visual Studio Version 17
VisualStudioVersion = 17.8.34525.116
MinimumVisualStudioVersion = 10.0.40219.1
Project("{2150E333-8FDC-42A3-9474-1A3956D46DE8}") = "Services", "Services", "{8B0CFF6A-4457-48B4-B8A2-771CE058D4BF}"
EndProject
Project("{2150E333-8FDC-42A3-9474-1A3956D46DE8}") = "Catalog", "Catalog", "{EF9C9292-4992-4427-8088-7068D1267C8C}"
EndProject
Project("{9A19103F-16F7-4668-BE54-9A1E7A4F7556}") = "MultiShopProject.Catalog", "Services\Catalog\MultiShopProject.Catalog\MultiShopProject.Catalog.csproj", "{1C6FF154-84FF-4DCF-A7A5-D72CC3081494}"
EndProject
Project("{2150E333-8FDC-42A3-9474-1A3956D46DE8}") = "Discount", "Discount", "{57C1CD0E-B1B7-42D6-9F0A-1E72DBAE023D}"
EndProject
Project("{9A19103F-16F7-4668-BE54-9A1E7A4F7556}") = "MultiShopProject.Discount", "Services\Discount\MultiShopProject.Discount\MultiShopProject.Discount.csproj", "{8826B4A6-6C65-4434-8D11-CFA3FE7927DB}"
EndProject
Project("{2150E333-8FDC-42A3-9474-1A3956D46DE8}") = "Order", "Order", "{15DCC274-CDF6-43B1-B84E-D6B9113510CD}"
EndProject
Project("{2150E333-8FDC-42A3-9474-1A3956D46DE8}") = "Core", "Core", "{B83676F7-496C-4E15-9089-B36781911482}"
EndProject
Project("{2150E333-8FDC-42A3-9474-1A3956D46DE8}") = "Infrastructure", "Infrastructure", "{8B3E5C53-69E0-4702-B85D-022F364357C4}"
EndProject
Project("{2150E333-8FDC-42A3-9474-1A3956D46DE8}") = "Presentation", "Presentation", "{17B0F0EC-3456-4B5D-A71A-68F0178994B5}"
EndProject
Project("{FAE04EC0-301F-11D3-BF4B-00C04F79EFBC}") = "MultiShopProject.Order.Domain", "Services\Order\Core\MultiShop.Order.Domain\MultiShopProject.Order.Domain.csproj", "{DAD26F33-36D0-4C19-88EA-52B187B9DE6B}"
EndProject
Project("{FAE04EC0-301F-11D3-BF4B-00C04F79EFBC}") = "MultiShopProject.Order.Application", "Services\Order\Core\MultiShop.Order.Application\MultiShopProject.Order.Application.csproj", "{DCB5A609-F9F8-41EB-B976-D424728FD445}"
EndProject
Project("{FAE04EC0-301F-11D3-BF4B-00C04F79EFBC}") = "MultiShopProject.Order.Persistence", "Services\Order\Infrastructure\MultiShopProject.Order.Persistence\MultiShopProject.Order.Persistence.csproj", "{72DDBA05-6F55-4EAD-BC9C-F01F4501C92C}"
EndProject
Project("{FAE04EC0-301F-11D3-BF4B-00C04F79EFBC}") = "MultiShopProject.Order.WebApi", "Services\Order\Presentation\MultiShopProject.Order.WebApi\MultiShopProject.Order.WebApi.csproj", "{B13A0556-621F-4213-9478-895D208751AE}"
EndProject
Global
	GlobalSection(SolutionConfigurationPlatforms) = preSolution
		Debug|Any CPU = Debug|Any CPU
		Release|Any CPU = Release|Any CPU
	EndGlobalSection
	GlobalSection(ProjectConfigurationPlatforms) = postSolution
		{1C6FF154-84FF-4DCF-A7A5-D72CC3081494}.Debug|Any CPU.ActiveCfg = Debug|Any CPU
		{1C6FF154-84FF-4DCF-A7A5-D72CC3081494}.Debug|Any CPU.Build.0 = Debug|Any CPU
		{1C6FF154-84FF-4DCF-A7A5-D72CC3081494}.Release|Any CPU.ActiveCfg = Release|Any CPU
		{1C6FF154-84FF-4DCF-A7A5-D72CC3081494}.Release|Any CPU.Build.0 = Release|Any CPU
		{8826B4A6-6C65-4434-8D11-CFA3FE7927DB}.Debug|Any CPU.ActiveCfg = Debug|Any CPU
		{8826B4A6-6C65-4434-8D11-CFA3FE7927DB}.Debug|Any CPU.Build.0 = Debug|Any CPU
		{8826B4A6-6C65-4434-8D11-CFA3FE7927DB}.Release|Any CPU.ActiveCfg = Release|Any CPU
		{8826B4A6-6C65-4434-8D11-CFA3FE7927DB}.Release|Any CPU.Build.0 = Release|Any CPU
		{DAD26F33-36D0-4C19-88EA-52B187B9DE6B}.Debug|Any CPU.ActiveCfg = Debug|Any CPU
		{DAD26F33-36D0-4C19-88EA-52B187B9DE6B}.Debug|Any CPU.Build.0 = Debug|Any CPU
		{DAD26F33-36D0-4C19-88EA-52B187B9DE6B}.Release|Any CPU.ActiveCfg = Release|Any CPU
		{DAD26F33-36D0-4C19-88EA-52B187B9DE6B}.Release|Any CPU.Build.0 = Release|Any CPU
		{DCB5A609-F9F8-41EB-B976-D424728FD445}.Debug|Any CPU.ActiveCfg = Debug|Any CPU
		{DCB5A609-F9F8-41EB-B976-D424728FD445}.Debug|Any CPU.Build.0 = Debug|Any CPU
		{DCB5A609-F9F8-41EB-B976-D424728FD445}.Release|Any CPU.ActiveCfg = Release|Any CPU
		{DCB5A609-F9F8-41EB-B976-D424728FD445}.Release|Any CPU.Build.0 = Release|Any CPU
		{72DDBA05-6F55-4EAD-BC9C-F01F4501C92C}.Debug|Any CPU.ActiveCfg = Debug|Any CPU
		{72DDBA05-6F55-4EAD-BC9C-F01F4501C92C}.Debug|Any CPU.Build.0 = Debug|Any CPU
		{72DDBA05-6F55-4EAD-BC9C-F01F4501C92C}.Release|Any CPU.ActiveCfg = Release|Any CPU
		{72DDBA05-6F55-4EAD-BC9C-F01F4501C92C}.Release|Any CPU.Build.0 = Release|Any CPU
		{B13A0556-621F-4213-9478-895D208751AE}.Debug|Any CPU.ActiveCfg = Debug|Any CPU
		{B13A0556-621F-4213-9478-895D208751AE}.Debug|Any CPU.Build.0 = Debug|Any CPU
		{B13A0556-621F-4213-9478-895D208751AE}.Release|Any CPU.ActiveCfg = Release|Any CPU
		{B13A0556-621F-4213-9478-895D208751AE}.Release|Any CPU.Build.0 = Release|Any CPU
	EndGlobalSection
	GlobalSection(SolutionProperties) = preSolution
		HideSolutionNode = FALSE
	EndGlobalSection
	GlobalSection(NestedProjects) = preSolution
		{EF9C9292-4992-4427-8088-7068D1267C8C} = {8B0CFF6A-4457-48B4-B8A2-771CE058D4BF}
		{1C6FF154-84FF-4DCF-A7A5-D72CC3081494} = {EF9C9292-4992-4427-8088-7068D1267C8C}
		{57C1CD0E-B1B7-42D6-9F0A-1E72DBAE023D} = {8B0CFF6A-4457-48B4-B8A2-771CE058D4BF}
		{8826B4A6-6C65-4434-8D11-CFA3FE7927DB} = {57C1CD0E-B1B7-42D6-9F0A-1E72DBAE023D}
		{15DCC274-CDF6-43B1-B84E-D6B9113510CD} = {8B0CFF6A-4457-48B4-B8A2-771CE058D4BF}
		{B83676F7-496C-4E15-9089-B36781911482} = {15DCC274-CDF6-43B1-B84E-D6B9113510CD}
		{8B3E5C53-69E0-4702-B85D-022F364357C4} = {15DCC274-CDF6-43B1-B84E-D6B9113510CD}
		{17B0F0EC-3456-4B5D-A71A-68F0178994B5} = {15DCC274-CDF6-43B1-B84E-D6B9113510CD}
		{DAD26F33-36D0-4C19-88EA-52B187B9DE6B} = {B83676F7-496C-4E15-9089-B36781911482}
		{DCB5A609-F9F8-41EB-B976-D424728FD445} = {B83676F7-496C-4E15-9089-B36781911482}
		{72DDBA05-6F55-4EAD-BC9C-F01F4501C92C} = {8B3E5C53-69E0-4702-B85D-022F364357C4}
		{B13A0556-621F-4213-9478-895D208751AE} = {17B0F0EC-3456-4B5D-A71A-68F0178994B5}
	EndGlobalSection
	GlobalSection(ExtensibilityGlobals) = postSolution
		SolutionGuid = {2A0FA255-C2AF-47E2-A5DC-A40D534C3D34}
	EndGlobalSection
EndGlobal
